
Microsoft Visual Studio Solution File, Format Version 12.00
# Visual Studio Version 17
VisualStudioVersion = 17.10.35013.160
MinimumVisualStudioVersion = 10.0.40219.1
Project("{FAE04EC0-301F-11D3-BF4B-00C04F79EFBC}") = "PgLocator_web", "PgLocator_web\PgLocator_web.csproj", "{1C25BE40-1520-4516-ADBA-9EA36100E2C7}"
EndProject
Global
	GlobalSection(SolutionConfigurationPlatforms) = preSolution
		Debug|Any CPU = Debug|Any CPU
		Release|Any CPU = Release|Any CPU
	EndGlobalSection
	GlobalSection(ProjectConfigurationPlatforms) = postSolution
		{1C25BE40-1520-4516-ADBA-9EA36100E2C7}.Debug|Any CPU.ActiveCfg = Debug|Any CPU
		{1C25BE40-1520-4516-ADBA-9EA36100E2C7}.Debug|Any CPU.Build.0 = Debug|Any CPU
		{1C25BE40-1520-4516-ADBA-9EA36100E2C7}.Release|Any CPU.ActiveCfg = Release|Any CPU
		{1C25BE40-1520-4516-ADBA-9EA36100E2C7}.Release|Any CPU.Build.0 = Release|Any CPU
	EndGlobalSection
	GlobalSection(SolutionProperties) = preSolution
		HideSolutionNode = FALSE
	EndGlobalSection
	GlobalSection(ExtensibilityGlobals) = postSolution
		SolutionGuid = {FD03A651-BDB6-4BEC-99DD-D74AE65B3052}
	EndGlobalSection
EndGlobal
